
Microsoft Visual Studio Solution File, Format Version 12.00
Project("{FAE04EC0-301F-11D3-BF4B-00C04F79EFBC}") = "dataRemoting", "dataRemoting\dataRemoting.csproj", "{2F5E20BB-08CF-47AB-A295-6CF693F82E84}"
EndProject
Project("{FAE04EC0-301F-11D3-BF4B-00C04F79EFBC}") = "DataDomain", "DataDomain\DataDomain.csproj", "{6714A54E-0D5B-4203-9CBC-CD032306D38B}"
EndProject
Project("{FAE04EC0-301F-11D3-BF4B-00C04F79EFBC}") = "PromiseService", "PromiseService\PromiseService.csproj", "{454BC169-2850-4ED7-9D8A-EF818D287135}"
EndProject
Project("{FAE04EC0-301F-11D3-BF4B-00C04F79EFBC}") = "ServiceProxy", "ServiceProxy\ServiceProxy.csproj", "{FA0A9DB3-8EA3-45B3-9BEF-970D892618AC}"
EndProject
Global
	GlobalSection(SolutionConfigurationPlatforms) = preSolution
		Debug|Any CPU = Debug|Any CPU
		Release|Any CPU = Release|Any CPU
	EndGlobalSection
	GlobalSection(ProjectConfigurationPlatforms) = postSolution
		{2F5E20BB-08CF-47AB-A295-6CF693F82E84}.Debug|Any CPU.ActiveCfg = Debug|Any CPU
		{2F5E20BB-08CF-47AB-A295-6CF693F82E84}.Debug|Any CPU.Build.0 = Debug|Any CPU
		{2F5E20BB-08CF-47AB-A295-6CF693F82E84}.Release|Any CPU.ActiveCfg = Release|Any CPU
		{2F5E20BB-08CF-47AB-A295-6CF693F82E84}.Release|Any CPU.Build.0 = Release|Any CPU
		{6714A54E-0D5B-4203-9CBC-CD032306D38B}.Debug|Any CPU.ActiveCfg = Debug|Any CPU
		{6714A54E-0D5B-4203-9CBC-CD032306D38B}.Debug|Any CPU.Build.0 = Debug|Any CPU
		{6714A54E-0D5B-4203-9CBC-CD032306D38B}.Release|Any CPU.ActiveCfg = Release|Any CPU
		{6714A54E-0D5B-4203-9CBC-CD032306D38B}.Release|Any CPU.Build.0 = Release|Any CPU
		{454BC169-2850-4ED7-9D8A-EF818D287135}.Debug|Any CPU.ActiveCfg = Debug|Any CPU
		{454BC169-2850-4ED7-9D8A-EF818D287135}.Debug|Any CPU.Build.0 = Debug|Any CPU
		{454BC169-2850-4ED7-9D8A-EF818D287135}.Release|Any CPU.ActiveCfg = Release|Any CPU
		{454BC169-2850-4ED7-9D8A-EF818D287135}.Release|Any CPU.Build.0 = Release|Any CPU
		{FA0A9DB3-8EA3-45B3-9BEF-970D892618AC}.Debug|Any CPU.ActiveCfg = Debug|Any CPU
		{FA0A9DB3-8EA3-45B3-9BEF-970D892618AC}.Debug|Any CPU.Build.0 = Debug|Any CPU
		{FA0A9DB3-8EA3-45B3-9BEF-970D892618AC}.Release|Any CPU.ActiveCfg = Release|Any CPU
		{FA0A9DB3-8EA3-45B3-9BEF-970D892618AC}.Release|Any CPU.Build.0 = Release|Any CPU
	EndGlobalSection
EndGlobal
