
Microsoft Visual Studio Solution File, Format Version 12.00
Project("{FAE04EC0-301F-11D3-BF4B-00C04F79EFBC}") = "RadFramework.Libraries.Threading", "RadFramework.Libraries.Threading\RadFramework.Libraries.Threading.csproj", "{1867B05E-96C2-4A1F-A802-9BCDC356D2F9}"
EndProject
Project("{FAE04EC0-301F-11D3-BF4B-00C04F79EFBC}") = "RadFramework.Libraries.Threading.Tests", "RadFramework.Libraries.Threading.Tests\RadFramework.Libraries.Threading.Tests.csproj", "{3C574A14-DEB5-44E3-888C-A5C3FC285AB4}"
EndProject
Global
	GlobalSection(SolutionConfigurationPlatforms) = preSolution
		Debug|Any CPU = Debug|Any CPU
		Release|Any CPU = Release|Any CPU
	EndGlobalSection
	GlobalSection(ProjectConfigurationPlatforms) = postSolution
		{1867B05E-96C2-4A1F-A802-9BCDC356D2F9}.Debug|Any CPU.ActiveCfg = Debug|Any CPU
		{1867B05E-96C2-4A1F-A802-9BCDC356D2F9}.Debug|Any CPU.Build.0 = Debug|Any CPU
		{1867B05E-96C2-4A1F-A802-9BCDC356D2F9}.Release|Any CPU.ActiveCfg = Release|Any CPU
		{1867B05E-96C2-4A1F-A802-9BCDC356D2F9}.Release|Any CPU.Build.0 = Release|Any CPU
		{3C574A14-DEB5-44E3-888C-A5C3FC285AB4}.Debug|Any CPU.ActiveCfg = Debug|Any CPU
		{3C574A14-DEB5-44E3-888C-A5C3FC285AB4}.Debug|Any CPU.Build.0 = Debug|Any CPU
		{3C574A14-DEB5-44E3-888C-A5C3FC285AB4}.Release|Any CPU.ActiveCfg = Release|Any CPU
		{3C574A14-DEB5-44E3-888C-A5C3FC285AB4}.Release|Any CPU.Build.0 = Release|Any CPU
	EndGlobalSection
EndGlobal
