
Microsoft Visual Studio Solution File, Format Version 12.00
Project("{FAE04EC0-301F-11D3-BF4B-00C04F79EFBC}") = "ConsoleApp1", "ConsoleApp1\ConsoleApp1.csproj", "{EC0DACDD-5FFD-4031-9D47-0A5B40D172FF}"
EndProject
Global
	GlobalSection(SolutionConfigurationPlatforms) = preSolution
		Debug|Any CPU = Debug|Any CPU
		Release|Any CPU = Release|Any CPU
	EndGlobalSection
	GlobalSection(ProjectConfigurationPlatforms) = postSolution
		{EC0DACDD-5FFD-4031-9D47-0A5B40D172FF}.Debug|Any CPU.ActiveCfg = Debug|Any CPU
		{EC0DACDD-5FFD-4031-9D47-0A5B40D172FF}.Debug|Any CPU.Build.0 = Debug|Any CPU
		{EC0DACDD-5FFD-4031-9D47-0A5B40D172FF}.Release|Any CPU.ActiveCfg = Release|Any CPU
		{EC0DACDD-5FFD-4031-9D47-0A5B40D172FF}.Release|Any CPU.Build.0 = Release|Any CPU
	EndGlobalSection
EndGlobal
