
Microsoft Visual Studio Solution File, Format Version 12.00
# Visual Studio Version 17
VisualStudioVersion = 17.4.33213.308
MinimumVisualStudioVersion = 10.0.40219.1
Project("{9A19103F-16F7-4668-BE54-9A1E7A4F7556}") = "CVB.NET.Rewriting.Compiler", "CVB.NET.Rewriting.Compiler\CVB.NET.Rewriting.Compiler.csproj", "{387AAFB2-0F15-486C-BBE1-A47C16ACDF54}"
EndProject
Project("{FAE04EC0-301F-11D3-BF4B-00C04F79EFBC}") = "CVB.NET.Rewriting.CompilerArgs", "CVB.NET.Rewriting.CompilerArgs\CVB.NET.Rewriting.CompilerArgs.csproj", "{C80544FA-75A9-4A13-A977-D3C1EB77C7B8}"
EndProject
Project("{FAE04EC0-301F-11D3-BF4B-00C04F79EFBC}") = "CVB.NET.Rewriting.MsBuildIntegration", "CVB.NET.Rewriting.MsBuildIntegration\CVB.NET.Rewriting.MsBuildIntegration.csproj", "{904B9999-9E46-4CB8-BD81-5559418F2489}"
EndProject
Project("{2150E333-8FDC-42A3-9474-1A3956D46DE8}") = "MsBuildIntegration", "MsBuildIntegration", "{CDC3B662-FE9E-465D-9948-077A0A775ED7}"
EndProject
Project("{2150E333-8FDC-42A3-9474-1A3956D46DE8}") = "Core", "Core", "{3AD38D7B-70B9-4A58-9919-056850361F04}"
EndProject
Project("{2150E333-8FDC-42A3-9474-1A3956D46DE8}") = "Tests", "Tests", "{363F19CB-5DCC-4E78-AFEE-1EA7CDC18F92}"
EndProject
Project("{FAE04EC0-301F-11D3-BF4B-00C04F79EFBC}") = "CVB.NET.Rewriting.Compiler.MiddlewareRunner", "CVB.NET.Rewriting.Compiler.MiddlewareRunner\CVB.NET.Rewriting.Compiler.MiddlewareRunner.csproj", "{E70D9071-6ED7-4CC1-8494-7E5389B09252}"
EndProject
Global
	GlobalSection(SolutionConfigurationPlatforms) = preSolution
		Debug|Any CPU = Debug|Any CPU
		Release|Any CPU = Release|Any CPU
	EndGlobalSection
	GlobalSection(ProjectConfigurationPlatforms) = postSolution
		{387AAFB2-0F15-486C-BBE1-A47C16ACDF54}.Debug|Any CPU.ActiveCfg = Debug|Any CPU
		{387AAFB2-0F15-486C-BBE1-A47C16ACDF54}.Debug|Any CPU.Build.0 = Debug|Any CPU
		{387AAFB2-0F15-486C-BBE1-A47C16ACDF54}.Release|Any CPU.ActiveCfg = Release|Any CPU
		{387AAFB2-0F15-486C-BBE1-A47C16ACDF54}.Release|Any CPU.Build.0 = Release|Any CPU
		{C80544FA-75A9-4A13-A977-D3C1EB77C7B8}.Debug|Any CPU.ActiveCfg = Debug|Any CPU
		{C80544FA-75A9-4A13-A977-D3C1EB77C7B8}.Debug|Any CPU.Build.0 = Debug|Any CPU
		{C80544FA-75A9-4A13-A977-D3C1EB77C7B8}.Release|Any CPU.ActiveCfg = Release|Any CPU
		{C80544FA-75A9-4A13-A977-D3C1EB77C7B8}.Release|Any CPU.Build.0 = Release|Any CPU
		{904B9999-9E46-4CB8-BD81-5559418F2489}.Debug|Any CPU.ActiveCfg = Debug|Any CPU
		{904B9999-9E46-4CB8-BD81-5559418F2489}.Debug|Any CPU.Build.0 = Debug|Any CPU
		{904B9999-9E46-4CB8-BD81-5559418F2489}.Release|Any CPU.ActiveCfg = Release|Any CPU
		{904B9999-9E46-4CB8-BD81-5559418F2489}.Release|Any CPU.Build.0 = Release|Any CPU
		{E70D9071-6ED7-4CC1-8494-7E5389B09252}.Debug|Any CPU.ActiveCfg = Debug|Any CPU
		{E70D9071-6ED7-4CC1-8494-7E5389B09252}.Debug|Any CPU.Build.0 = Debug|Any CPU
		{E70D9071-6ED7-4CC1-8494-7E5389B09252}.Release|Any CPU.ActiveCfg = Release|Any CPU
		{E70D9071-6ED7-4CC1-8494-7E5389B09252}.Release|Any CPU.Build.0 = Release|Any CPU
	EndGlobalSection
	GlobalSection(SolutionProperties) = preSolution
		HideSolutionNode = FALSE
	EndGlobalSection
	GlobalSection(ExtensibilityGlobals) = postSolution
		SolutionGuid = {A02BCE65-E180-4EAC-BB9E-6155D9167749}
	EndGlobalSection
	GlobalSection(NestedProjects) = preSolution
		{904B9999-9E46-4CB8-BD81-5559418F2489} = {CDC3B662-FE9E-465D-9948-077A0A775ED7}
		{387AAFB2-0F15-486C-BBE1-A47C16ACDF54} = {3AD38D7B-70B9-4A58-9919-056850361F04}
		{C80544FA-75A9-4A13-A977-D3C1EB77C7B8} = {3AD38D7B-70B9-4A58-9919-056850361F04}
		{E70D9071-6ED7-4CC1-8494-7E5389B09252} = {3AD38D7B-70B9-4A58-9919-056850361F04}
	EndGlobalSection
EndGlobal
