
Microsoft Visual Studio Solution File, Format Version 12.00
Project("{FAE04EC0-301F-11D3-BF4B-00C04F79EFBC}") = "RoslynAOPPOC", "RoslynAOPPOC\RoslynAOPPOC.csproj", "{B426FD2F-8917-4625-902D-340E5CFCDD2A}"
EndProject
Project("{FAE04EC0-301F-11D3-BF4B-00C04F79EFBC}") = "Client.cs", "Client.cs\Client.cs.csproj", "{87712875-5CAC-4D3D-98ED-EAEDB1AB8A3A}"
EndProject
Project("{FAE04EC0-301F-11D3-BF4B-00C04F79EFBC}") = "Client", "Client\Client.csproj", "{52DCBA20-1C42-4CB5-8E08-A83F5DB89102}"
EndProject
Global
	GlobalSection(SolutionConfigurationPlatforms) = preSolution
		Debug|Any CPU = Debug|Any CPU
		Release|Any CPU = Release|Any CPU
	EndGlobalSection
	GlobalSection(ProjectConfigurationPlatforms) = postSolution
		{B426FD2F-8917-4625-902D-340E5CFCDD2A}.Debug|Any CPU.ActiveCfg = Debug|Any CPU
		{B426FD2F-8917-4625-902D-340E5CFCDD2A}.Debug|Any CPU.Build.0 = Debug|Any CPU
		{B426FD2F-8917-4625-902D-340E5CFCDD2A}.Release|Any CPU.ActiveCfg = Release|Any CPU
		{B426FD2F-8917-4625-902D-340E5CFCDD2A}.Release|Any CPU.Build.0 = Release|Any CPU
		{87712875-5CAC-4D3D-98ED-EAEDB1AB8A3A}.Debug|Any CPU.ActiveCfg = Debug|Any CPU
		{87712875-5CAC-4D3D-98ED-EAEDB1AB8A3A}.Debug|Any CPU.Build.0 = Debug|Any CPU
		{87712875-5CAC-4D3D-98ED-EAEDB1AB8A3A}.Release|Any CPU.ActiveCfg = Release|Any CPU
		{87712875-5CAC-4D3D-98ED-EAEDB1AB8A3A}.Release|Any CPU.Build.0 = Release|Any CPU
		{52DCBA20-1C42-4CB5-8E08-A83F5DB89102}.Debug|Any CPU.ActiveCfg = Debug|Any CPU
		{52DCBA20-1C42-4CB5-8E08-A83F5DB89102}.Debug|Any CPU.Build.0 = Debug|Any CPU
		{52DCBA20-1C42-4CB5-8E08-A83F5DB89102}.Release|Any CPU.ActiveCfg = Release|Any CPU
		{52DCBA20-1C42-4CB5-8E08-A83F5DB89102}.Release|Any CPU.Build.0 = Release|Any CPU
	EndGlobalSection
EndGlobal
